
Microsoft Visual Studio Solution File, Format Version 12.00
# Visual Studio Version 17
VisualStudioVersion = 17.1.32421.90
MinimumVisualStudioVersion = 10.0.40219.1
Project("{FAE04EC0-301F-11D3-BF4B-00C04F79EFBC}") = "HelloWorldConsoleApp1", "HelloWorldConsoleApp1\HelloWorldConsoleApp1.csproj", "{FD66B555-3218-47D2-9F0B-A81124B8D287}"
EndProject
Global
	GlobalSection(SolutionConfigurationPlatforms) = preSolution
		Debug|Any CPU = Debug|Any CPU
		Release|Any CPU = Release|Any CPU
	EndGlobalSection
	GlobalSection(ProjectConfigurationPlatforms) = postSolution
		{FD66B555-3218-47D2-9F0B-A81124B8D287}.Debug|Any CPU.ActiveCfg = Debug|Any CPU
		{FD66B555-3218-47D2-9F0B-A81124B8D287}.Debug|Any CPU.Build.0 = Debug|Any CPU
		{FD66B555-3218-47D2-9F0B-A81124B8D287}.Release|Any CPU.ActiveCfg = Release|Any CPU
		{FD66B555-3218-47D2-9F0B-A81124B8D287}.Release|Any CPU.Build.0 = Release|Any CPU
	EndGlobalSection
	GlobalSection(SolutionProperties) = preSolution
		HideSolutionNode = FALSE
	EndGlobalSection
	GlobalSection(ExtensibilityGlobals) = postSolution
		SolutionGuid = {9C3CDC3C-C4BA-440D-B054-0825FF851596}
	EndGlobalSection
EndGlobal
